{
  "name": "lex-e2e-integrity-simulation",
  "version": "1.0.0",
  "lockfileVersion": 3,
  "requires": true,
  "packages": {
    "": {
      "name": "lex-e2e-integrity-simulation",
      "version": "1.0.0",
      "dependencies": {
        "@lexstandard/lex": "file:../../libraries/js"
      },
      "engines": {
        "node": ">=18.0.0"
      }
    },
    "../../libraries/js": {
      "version": "1.0.0",
      "license": "MIT",
      "engines": {
        "node": ">=16.0.0"
      }
    },
    "node_modules/@lexstandard/lex": {
      "resolved": "../../libraries/js",
      "link": true
    }
  }
}
